
Microsoft Visual Studio Solution File, Format Version 12.00
# Visual Studio 15
VisualStudioVersion = 15.0.27004.2009
MinimumVisualStudioVersion = 10.0.40219.1
Project("{FAE04EC0-301F-11D3-BF4B-00C04F79EFBC}") = "BMI2.Android", "BMI2\BMI2.Android\BMI2.Android.csproj", "{EE868622-B3E0-4A61-BE12-8C8D6C032F6A}"
EndProject
Project("{FAE04EC0-301F-11D3-BF4B-00C04F79EFBC}") = "BMI2", "BMI2\BMI2\BMI2.csproj", "{B4E275BC-E0D4-4D55-BB3A-2EC20B9E2500}"
EndProject
Project("{FAE04EC0-301F-11D3-BF4B-00C04F79EFBC}") = "BMI2.iOS", "BMI2\BMI2.iOS\BMI2.iOS.csproj", "{AE47E4FE-4B2C-4D4F-B99F-E704067ACCE9}"
EndProject
Global
	GlobalSection(SolutionConfigurationPlatforms) = preSolution
		Ad-Hoc|Any CPU = Ad-Hoc|Any CPU
		Ad-Hoc|iPhone = Ad-Hoc|iPhone
		Ad-Hoc|iPhoneSimulator = Ad-Hoc|iPhoneSimulator
		AppStore|Any CPU = AppStore|Any CPU
		AppStore|iPhone = AppStore|iPhone
		AppStore|iPhoneSimulator = AppStore|iPhoneSimulator
		Debug|Any CPU = Debug|Any CPU
		Debug|iPhone = Debug|iPhone
		Debug|iPhoneSimulator = Debug|iPhoneSimulator
		Release|Any CPU = Release|Any CPU
		Release|iPhone = Release|iPhone
		Release|iPhoneSimulator = Release|iPhoneSimulator
	EndGlobalSection
	GlobalSection(ProjectConfigurationPlatforms) = postSolution
		{EE868622-B3E0-4A61-BE12-8C8D6C032F6A}.Ad-Hoc|Any CPU.ActiveCfg = Release|Any CPU
		{EE868622-B3E0-4A61-BE12-8C8D6C032F6A}.Ad-Hoc|Any CPU.Build.0 = Release|Any CPU
		{EE868622-B3E0-4A61-BE12-8C8D6C032F6A}.Ad-Hoc|Any CPU.Deploy.0 = Release|Any CPU
		{EE868622-B3E0-4A61-BE12-8C8D6C032F6A}.Ad-Hoc|iPhone.ActiveCfg = Release|Any CPU
		{EE868622-B3E0-4A61-BE12-8C8D6C032F6A}.Ad-Hoc|iPhone.Build.0 = Release|Any CPU
		{EE868622-B3E0-4A61-BE12-8C8D6C032F6A}.Ad-Hoc|iPhone.Deploy.0 = Release|Any CPU
		{EE868622-B3E0-4A61-BE12-8C8D6C032F6A}.Ad-Hoc|iPhoneSimulator.ActiveCfg = Release|Any CPU
		{EE868622-B3E0-4A61-BE12-8C8D6C032F6A}.Ad-Hoc|iPhoneSimulator.Build.0 = Release|Any CPU
		{EE868622-B3E0-4A61-BE12-8C8D6C032F6A}.Ad-Hoc|iPhoneSimulator.Deploy.0 = Release|Any CPU
		{EE868622-B3E0-4A61-BE12-8C8D6C032F6A}.AppStore|Any CPU.ActiveCfg = Release|Any CPU
		{EE868622-B3E0-4A61-BE12-8C8D6C032F6A}.AppStore|Any CPU.Build.0 = Release|Any CPU
		{EE868622-B3E0-4A61-BE12-8C8D6C032F6A}.AppStore|Any CPU.Deploy.0 = Release|Any CPU
		{EE868622-B3E0-4A61-BE12-8C8D6C032F6A}.AppStore|iPhone.ActiveCfg = Release|Any CPU
		{EE868622-B3E0-4A61-BE12-8C8D6C032F6A}.AppStore|iPhone.Build.0 = Release|Any CPU
		{EE868622-B3E0-4A61-BE12-8C8D6C032F6A}.AppStore|iPhone.Deploy.0 = Release|Any CPU
		{EE868622-B3E0-4A61-BE12-8C8D6C032F6A}.AppStore|iPhoneSimulator.ActiveCfg = Release|Any CPU
		{EE868622-B3E0-4A61-BE12-8C8D6C032F6A}.AppStore|iPhoneSimulator.Build.0 = Release|Any CPU
		{EE868622-B3E0-4A61-BE12-8C8D6C032F6A}.AppStore|iPhoneSimulator.Deploy.0 = Release|Any CPU
		{EE868622-B3E0-4A61-BE12-8C8D6C032F6A}.Debug|Any CPU.ActiveCfg = Debug|Any CPU
		{EE868622-B3E0-4A61-BE12-8C8D6C032F6A}.Debug|Any CPU.Build.0 = Debug|Any CPU
		{EE868622-B3E0-4A61-BE12-8C8D6C032F6A}.Debug|Any CPU.Deploy.0 = Debug|Any CPU
		{EE868622-B3E0-4A61-BE12-8C8D6C032F6A}.Debug|iPhone.ActiveCfg = Debug|Any CPU
		{EE868622-B3E0-4A61-BE12-8C8D6C032F6A}.Debug|iPhone.Build.0 = Debug|Any CPU
		{EE868622-B3E0-4A61-BE12-8C8D6C032F6A}.Debug|iPhone.Deploy.0 = Debug|Any CPU
		{EE868622-B3E0-4A61-BE12-8C8D6C032F6A}.Debug|iPhoneSimulator.ActiveCfg = Debug|Any CPU
		{EE868622-B3E0-4A61-BE12-8C8D6C032F6A}.Debug|iPhoneSimulator.Build.0 = Debug|Any CPU
		{EE868622-B3E0-4A61-BE12-8C8D6C032F6A}.Debug|iPhoneSimulator.Deploy.0 = Debug|Any CPU
		{EE868622-B3E0-4A61-BE12-8C8D6C032F6A}.Release|Any CPU.ActiveCfg = Release|Any CPU
		{EE868622-B3E0-4A61-BE12-8C8D6C032F6A}.Release|Any CPU.Build.0 = Release|Any CPU
		{EE868622-B3E0-4A61-BE12-8C8D6C032F6A}.Release|Any CPU.Deploy.0 = Release|Any CPU
		{EE868622-B3E0-4A61-BE12-8C8D6C032F6A}.Release|iPhone.ActiveCfg = Release|Any CPU
		{EE868622-B3E0-4A61-BE12-8C8D6C032F6A}.Release|iPhone.Build.0 = Release|Any CPU
		{EE868622-B3E0-4A61-BE12-8C8D6C032F6A}.Release|iPhone.Deploy.0 = Release|Any CPU
		{EE868622-B3E0-4A61-BE12-8C8D6C032F6A}.Release|iPhoneSimulator.ActiveCfg = Release|Any CPU
		{EE868622-B3E0-4A61-BE12-8C8D6C032F6A}.Release|iPhoneSimulator.Build.0 = Release|Any CPU
		{EE868622-B3E0-4A61-BE12-8C8D6C032F6A}.Release|iPhoneSimulator.Deploy.0 = Release|Any CPU
		{B4E275BC-E0D4-4D55-BB3A-2EC20B9E2500}.Ad-Hoc|Any CPU.ActiveCfg = Release|Any CPU
		{B4E275BC-E0D4-4D55-BB3A-2EC20B9E2500}.Ad-Hoc|Any CPU.Build.0 = Release|Any CPU
		{B4E275BC-E0D4-4D55-BB3A-2EC20B9E2500}.Ad-Hoc|iPhone.ActiveCfg = Release|Any CPU
		{B4E275BC-E0D4-4D55-BB3A-2EC20B9E2500}.Ad-Hoc|iPhone.Build.0 = Release|Any CPU
		{B4E275BC-E0D4-4D55-BB3A-2EC20B9E2500}.Ad-Hoc|iPhoneSimulator.ActiveCfg = Release|Any CPU
		{B4E275BC-E0D4-4D55-BB3A-2EC20B9E2500}.Ad-Hoc|iPhoneSimulator.Build.0 = Release|Any CPU
		{B4E275BC-E0D4-4D55-BB3A-2EC20B9E2500}.AppStore|Any CPU.ActiveCfg = Release|Any CPU
		{B4E275BC-E0D4-4D55-BB3A-2EC20B9E2500}.AppStore|Any CPU.Build.0 = Release|Any CPU
		{B4E275BC-E0D4-4D55-BB3A-2EC20B9E2500}.AppStore|iPhone.ActiveCfg = Release|Any CPU
		{B4E275BC-E0D4-4D55-BB3A-2EC20B9E2500}.AppStore|iPhone.Build.0 = Release|Any CPU
		{B4E275BC-E0D4-4D55-BB3A-2EC20B9E2500}.AppStore|iPhoneSimulator.ActiveCfg = Release|Any CPU
		{B4E275BC-E0D4-4D55-BB3A-2EC20B9E2500}.AppStore|iPhoneSimulator.Build.0 = Release|Any CPU
		{B4E275BC-E0D4-4D55-BB3A-2EC20B9E2500}.Debug|Any CPU.ActiveCfg = Debug|Any CPU
		{B4E275BC-E0D4-4D55-BB3A-2EC20B9E2500}.Debug|Any CPU.Build.0 = Debug|Any CPU
		{B4E275BC-E0D4-4D55-BB3A-2EC20B9E2500}.Debug|iPhone.ActiveCfg = Debug|Any CPU
		{B4E275BC-E0D4-4D55-BB3A-2EC20B9E2500}.Debug|iPhone.Build.0 = Debug|Any CPU
		{B4E275BC-E0D4-4D55-BB3A-2EC20B9E2500}.Debug|iPhoneSimulator.ActiveCfg = Debug|Any CPU
		{B4E275BC-E0D4-4D55-BB3A-2EC20B9E2500}.Debug|iPhoneSimulator.Build.0 = Debug|Any CPU
		{B4E275BC-E0D4-4D55-BB3A-2EC20B9E2500}.Release|Any CPU.ActiveCfg = Release|Any CPU
		{B4E275BC-E0D4-4D55-BB3A-2EC20B9E2500}.Release|Any CPU.Build.0 = Release|Any CPU
		{B4E275BC-E0D4-4D55-BB3A-2EC20B9E2500}.Release|iPhone.ActiveCfg = Release|Any CPU
		{B4E275BC-E0D4-4D55-BB3A-2EC20B9E2500}.Release|iPhone.Build.0 = Release|Any CPU
		{B4E275BC-E0D4-4D55-BB3A-2EC20B9E2500}.Release|iPhoneSimulator.ActiveCfg = Release|Any CPU
		{B4E275BC-E0D4-4D55-BB3A-2EC20B9E2500}.Release|iPhoneSimulator.Build.0 = Release|Any CPU
		{AE47E4FE-4B2C-4D4F-B99F-E704067ACCE9}.Ad-Hoc|Any CPU.ActiveCfg = Ad-Hoc|iPhoneSimulator
		{AE47E4FE-4B2C-4D4F-B99F-E704067ACCE9}.Ad-Hoc|iPhone.ActiveCfg = Ad-Hoc|iPhone
		{AE47E4FE-4B2C-4D4F-B99F-E704067ACCE9}.Ad-Hoc|iPhone.Build.0 = Ad-Hoc|iPhone
		{AE47E4FE-4B2C-4D4F-B99F-E704067ACCE9}.Ad-Hoc|iPhoneSimulator.ActiveCfg = Ad-Hoc|iPhoneSimulator
		{AE47E4FE-4B2C-4D4F-B99F-E704067ACCE9}.Ad-Hoc|iPhoneSimulator.Build.0 = Ad-Hoc|iPhoneSimulator
		{AE47E4FE-4B2C-4D4F-B99F-E704067ACCE9}.AppStore|Any CPU.ActiveCfg = AppStore|iPhoneSimulator
		{AE47E4FE-4B2C-4D4F-B99F-E704067ACCE9}.AppStore|iPhone.ActiveCfg = AppStore|iPhone
		{AE47E4FE-4B2C-4D4F-B99F-E704067ACCE9}.AppStore|iPhone.Build.0 = AppStore|iPhone
		{AE47E4FE-4B2C-4D4F-B99F-E704067ACCE9}.AppStore|iPhoneSimulator.ActiveCfg = AppStore|iPhoneSimulator
		{AE47E4FE-4B2C-4D4F-B99F-E704067ACCE9}.AppStore|iPhoneSimulator.Build.0 = AppStore|iPhoneSimulator
		{AE47E4FE-4B2C-4D4F-B99F-E704067ACCE9}.Debug|Any CPU.ActiveCfg = Debug|iPhoneSimulator
		{AE47E4FE-4B2C-4D4F-B99F-E704067ACCE9}.Debug|iPhone.ActiveCfg = Debug|iPhone
		{AE47E4FE-4B2C-4D4F-B99F-E704067ACCE9}.Debug|iPhone.Build.0 = Debug|iPhone
		{AE47E4FE-4B2C-4D4F-B99F-E704067ACCE9}.Debug|iPhoneSimulator.ActiveCfg = Debug|iPhoneSimulator
		{AE47E4FE-4B2C-4D4F-B99F-E704067ACCE9}.Debug|iPhoneSimulator.Build.0 = Debug|iPhoneSimulator
		{AE47E4FE-4B2C-4D4F-B99F-E704067ACCE9}.Release|Any CPU.ActiveCfg = Release|iPhoneSimulator
		{AE47E4FE-4B2C-4D4F-B99F-E704067ACCE9}.Release|iPhone.ActiveCfg = Release|iPhone
		{AE47E4FE-4B2C-4D4F-B99F-E704067ACCE9}.Release|iPhone.Build.0 = Release|iPhone
		{AE47E4FE-4B2C-4D4F-B99F-E704067ACCE9}.Release|iPhoneSimulator.ActiveCfg = Release|iPhoneSimulator
		{AE47E4FE-4B2C-4D4F-B99F-E704067ACCE9}.Release|iPhoneSimulator.Build.0 = Release|iPhoneSimulator
	EndGlobalSection
	GlobalSection(SolutionProperties) = preSolution
		HideSolutionNode = FALSE
	EndGlobalSection
	GlobalSection(ExtensibilityGlobals) = postSolution
		SolutionGuid = {685B83F2-04AA-4C78-8864-FE015AED6A74}
	EndGlobalSection
EndGlobal
